// !$*UTF8*$!
{
	archiveVersion = 1;
	classes = {
	};
	objectVersion = 77;
	objects = {

/* Begin PBXBuildFile section */
		1A2B3C4D5E6F00112233003E /* PicDeckWidget.appex in Embed Foundation Extensions */ = {isa = PBXBuildFile; fileRef = 1A2B3C4D5E6F001122330031 /* PicDeckWidget.appex */; settings = {ATTRIBUTES = (RemoveHeadersOnCopy, ); }; };
/* End PBXBuildFile section */

/* Begin PBXContainerItemProxy section */
		1A2B3C4D5E6F00112233001A /* PBXContainerItemProxy */ = {
			isa = PBXContainerItemProxy;
			containerPortal = 1A2B3C4D5E6F00112233000A /* Project object */;
			proxyType = 1;
			remoteGlobalIDString = 1A2B3C4D5E6F001122330006;
			remoteInfo = PicDeck;
		};
		1A2B3C4D5E6F00112233003C /* PBXContainerItemProxy */ = {
			isa = PBXContainerItemProxy;
			containerPortal = 1A2B3C4D5E6F00112233000A /* Project object */;
			proxyType = 1;
			remoteGlobalIDString = 1A2B3C4D5E6F001122330032;
			remoteInfo = PicDeckWidget;
		};
/* End PBXContainerItemProxy section */

/* Begin PBXCopyFilesBuildPhase section */
		1A2B3C4D5E6F00112233003D /* Embed Foundation Extensions */ = {
			isa = PBXCopyFilesBuildPhase;
			buildActionMask = 2147483647;
			dstPath = "";
			dstSubfolderSpec = 13;
			files = (
				1A2B3C4D5E6F00112233003E /* PicDeckWidget.appex in Embed Foundation Extensions */,
			);
			name = "Embed Foundation Extensions";
			runOnlyForDeploymentPostprocessing = 0;
		};
/* End PBXCopyFilesBuildPhase section */

/* Begin PBXFileReference section */
		1A2B3C4D5E6F001122330001 /* PicDeck.app */ = {isa = PBXFileReference; explicitFileType = wrapper.application; includeInIndex = 0; path = PicDeck.app; sourceTree = BUILT_PRODUCTS_DIR; };
		1A2B3C4D5E6F001122330010 /* PicDeckUITests.xctest */ = {isa = PBXFileReference; explicitFileType = wrapper.cfbundle; includeInIndex = 0; path = PicDeckUITests.xctest; sourceTree = BUILT_PRODUCTS_DIR; };
		1A2B3C4D5E6F001122330031 /* PicDeckWidget.appex */ = {isa = PBXFileReference; explicitFileType = "wrapper.app-extension"; includeInIndex = 0; path = PicDeckWidget.appex; sourceTree = BUILT_PRODUCTS_DIR; };
/* End PBXFileReference section */

/* Begin PBXFileSystemSynchronizedRootGroup section */
		1A2B3C4D5E6F001122330002 /* PicDeck */ = {
			isa = PBXFileSystemSynchronizedRootGroup;
			path = PicDeck;
			sourceTree = "<group>";
		};
		1A2B3C4D5E6F001122330011 /* PicDeckUITests */ = {
			isa = PBXFileSystemSynchronizedRootGroup;
			path = PicDeckUITests;
			sourceTree = "<group>";
		};
		1A2B3C4D5E6F001122330033 /* PicDeckWidget */ = {
			isa = PBXFileSystemSynchronizedRootGroup;
			path = PicDeckWidget;
			sourceTree = "<group>";
		};
		1A2B3C4D5E6F001122330034 /* Shared */ = {
			isa = PBXFileSystemSynchronizedRootGroup;
			path = Shared;
			sourceTree = "<group>";
		};
/* End PBXFileSystemSynchronizedRootGroup section */

/* Begin PBXFrameworksBuildPhase section */
		1A2B3C4D5E6F001122330003 /* Frameworks */ = {
			isa = PBXFrameworksBuildPhase;
			buildActionMask = 2147483647;
			files = (
			);
			runOnlyForDeploymentPostprocessing = 0;
		};
		1A2B3C4D5E6F001122330015 /* Frameworks */ = {
			isa = PBXFrameworksBuildPhase;
			buildActionMask = 2147483647;
			files = (
			);
			runOnlyForDeploymentPostprocessing = 0;
		};
		1A2B3C4D5E6F001122330036 /* Frameworks */ = {
			isa = PBXFrameworksBuildPhase;
			buildActionMask = 2147483647;
			files = (
			);
			runOnlyForDeploymentPostprocessing = 0;
		};
/* End PBXFrameworksBuildPhase section */

/* Begin PBXGroup section */
		1A2B3C4D5E6F001122330004 = {
			isa = PBXGroup;
			children = (
				1A2B3C4D5E6F001122330002 /* PicDeck */,
				1A2B3C4D5E6F001122330011 /* PicDeckUITests */,
				1A2B3C4D5E6F001122330033 /* PicDeckWidget */,
				1A2B3C4D5E6F001122330034 /* Shared */,
				1A2B3C4D5E6F001122330005 /* Products */,
			);
			sourceTree = "<group>";
		};
		1A2B3C4D5E6F001122330005 /* Products */ = {
			isa = PBXGroup;
			children = (
				1A2B3C4D5E6F001122330001 /* PicDeck.app */,
				1A2B3C4D5E6F001122330010 /* PicDeckUITests.xctest */,
				1A2B3C4D5E6F001122330031 /* PicDeckWidget.appex */,
			);
			name = Products;
			sourceTree = "<group>";
		};
/* End PBXGroup section */

/* Begin PBXNativeTarget section */
		1A2B3C4D5E6F001122330006 /* PicDeck */ = {
			isa = PBXNativeTarget;
			buildConfigurationList = 1A2B3C4D5E6F001122330007 /* Build configuration list for PBXNativeTarget "PicDeck" */;
			buildPhases = (
				1A2B3C4D5E6F001122330008 /* Sources */,
				1A2B3C4D5E6F001122330003 /* Frameworks */,
				1A2B3C4D5E6F001122330009 /* Resources */,
				1A2B3C4D5E6F00112233003D /* Embed Foundation Extensions */,
			);
			buildRules = (
			);
			dependencies = (
				1A2B3C4D5E6F00112233003B /* PBXTargetDependency */,
			);
			fileSystemSynchronizedGroups = (
				1A2B3C4D5E6F001122330002 /* PicDeck */,
				1A2B3C4D5E6F001122330034 /* Shared */,
			);
			name = PicDeck;
			productName = PicDeck;
			productReference = 1A2B3C4D5E6F001122330001 /* PicDeck.app */;
			productType = "com.apple.product-type.application";
		};
		1A2B3C4D5E6F001122330012 /* PicDeckUITests */ = {
			isa = PBXNativeTarget;
			buildConfigurationList = 1A2B3C4D5E6F001122330013 /* Build configuration list for PBXNativeTarget "PicDeckUITests" */;
			buildPhases = (
				1A2B3C4D5E6F001122330014 /* Sources */,
				1A2B3C4D5E6F001122330015 /* Frameworks */,
				1A2B3C4D5E6F001122330016 /* Resources */,
			);
			buildRules = (
			);
			dependencies = (
				1A2B3C4D5E6F001122330019 /* PBXTargetDependency */,
			);
			fileSystemSynchronizedGroups = (
				1A2B3C4D5E6F001122330011 /* PicDeckUITests */,
			);
			name = PicDeckUITests;
			productName = PicDeckUITests;
			productReference = 1A2B3C4D5E6F001122330010 /* PicDeckUITests.xctest */;
			productType = "com.apple.product-type.bundle.ui-testing";
		};
		1A2B3C4D5E6F001122330032 /* PicDeckWidget */ = {
			isa = PBXNativeTarget;
			buildConfigurationList = 1A2B3C4D5E6F001122330038 /* Build configuration list for PBXNativeTarget "PicDeckWidget" */;
			buildPhases = (
				1A2B3C4D5E6F001122330035 /* Sources */,
				1A2B3C4D5E6F001122330036 /* Frameworks */,
				1A2B3C4D5E6F001122330037 /* Resources */,
			);
			buildRules = (
			);
			dependencies = (
			);
			fileSystemSynchronizedGroups = (
				1A2B3C4D5E6F001122330033 /* PicDeckWidget */,
				1A2B3C4D5E6F001122330034 /* Shared */,
			);
			name = PicDeckWidget;
			productName = PicDeckWidget;
			productReference = 1A2B3C4D5E6F001122330031 /* PicDeckWidget.appex */;
			productType = "com.apple.product-type.app-extension";
		};
/* End PBXNativeTarget section */

/* Begin PBXProject section */
		1A2B3C4D5E6F00112233000A /* Project object */ = {
			isa = PBXProject;
			attributes = {
				BuildIndependentTargetsInParallel = 1;
				LastSwiftUpdateCheck = 1640;
				LastUpgradeCheck = 1640;
				TargetAttributes = {
					1A2B3C4D5E6F001122330006 = {
						CreatedOnToolsVersion = 16.4;
					};
					1A2B3C4D5E6F001122330012 = {
						CreatedOnToolsVersion = 16.4;
						TestTargetID = 1A2B3C4D5E6F001122330006;
					};
					1A2B3C4D5E6F001122330032 = {
						CreatedOnToolsVersion = 16.4;
					};
				};
			};
			buildConfigurationList = 1A2B3C4D5E6F00112233000B /* Build configuration list for PBXProject "PicDeck" */;
			developmentRegion = en;
			hasScannedForEncodings = 0;
			knownRegions = (
				en,
				Base,
				"zh-Hant",
			);
			mainGroup = 1A2B3C4D5E6F001122330004;
			minimizedProjectReferenceProxies = 1;
			preferredProjectObjectVersion = 77;
			productRefGroup = 1A2B3C4D5E6F001122330005 /* Products */;
			projectDirPath = "";
			projectRoot = "";
			targets = (
				1A2B3C4D5E6F001122330006 /* PicDeck */,
				1A2B3C4D5E6F001122330012 /* PicDeckUITests */,
				1A2B3C4D5E6F001122330032 /* PicDeckWidget */,
			);
		};
/* End PBXProject section */

/* Begin PBXResourcesBuildPhase section */
		1A2B3C4D5E6F001122330009 /* Resources */ = {
			isa = PBXResourcesBuildPhase;
			buildActionMask = 2147483647;
			files = (
			);
			runOnlyForDeploymentPostprocessing = 0;
		};
		1A2B3C4D5E6F001122330016 /* Resources */ = {
			isa = PBXResourcesBuildPhase;
			buildActionMask = 2147483647;
			files = (
			);
			runOnlyForDeploymentPostprocessing = 0;
		};
		1A2B3C4D5E6F001122330037 /* Resources */ = {
			isa = PBXResourcesBuildPhase;
			buildActionMask = 2147483647;
			files = (
			);
			runOnlyForDeploymentPostprocessing = 0;
		};
/* End PBXResourcesBuildPhase section */

/* Begin PBXSourcesBuildPhase section */
		1A2B3C4D5E6F001122330008 /* Sources */ = {
			isa = PBXSourcesBuildPhase;
			buildActionMask = 2147483647;
			files = (
			);
			runOnlyForDeploymentPostprocessing = 0;
		};
		1A2B3C4D5E6F001122330014 /* Sources */ = {
			isa = PBXSourcesBuildPhase;
			buildActionMask = 2147483647;
			files = (
			);
			runOnlyForDeploymentPostprocessing = 0;
		};
		1A2B3C4D5E6F001122330035 /* Sources */ = {
			isa = PBXSourcesBuildPhase;
			buildActionMask = 2147483647;
			files = (
			);
			runOnlyForDeploymentPostprocessing = 0;
		};
/* End PBXSourcesBuildPhase section */

/* Begin PBXTargetDependency section */
		1A2B3C4D5E6F001122330019 /* PBXTargetDependency */ = {
			isa = PBXTargetDependency;
			target = 1A2B3C4D5E6F001122330006 /* PicDeck */;
			targetProxy = 1A2B3C4D5E6F00112233001A /* PBXContainerItemProxy */;
		};
		1A2B3C4D5E6F00112233003B /* PBXTargetDependency */ = {
			isa = PBXTargetDependency;
			target = 1A2B3C4D5E6F001122330032 /* PicDeckWidget */;
			targetProxy = 1A2B3C4D5E6F00112233003C /* PBXContainerItemProxy */;
		};
/* End PBXTargetDependency section */

/* Begin XCBuildConfiguration section */
		1A2B3C4D5E6F00112233000C /* Debug */ = {
			isa = XCBuildConfiguration;
			buildSettings = {
				ALWAYS_SEARCH_USER_PATHS = NO;
				ASSETCATALOG_COMPILER_GENERATE_SWIFT_ASSET_SYMBOL_EXTENSIONS = YES;
				CLANG_ANALYZER_NONNULL = YES;
				CLANG_ENABLE_MODULES = YES;
				CLANG_ENABLE_OBJC_ARC = YES;
				COPY_PHASE_STRIP = NO;
				DEBUG_INFORMATION_FORMAT = dwarf;
				ENABLE_STRICT_OBJC_MSGSEND = YES;
				ENABLE_TESTABILITY = YES;
				ENABLE_USER_SCRIPT_SANDBOXING = YES;
				GCC_C_LANGUAGE_STANDARD = gnu17;
				GCC_DYNAMIC_NO_PIC = NO;
				GCC_NO_COMMON_BLOCKS = YES;
				GCC_OPTIMIZATION_LEVEL = 0;
				GCC_PREPROCESSOR_DEFINITIONS = (
					"DEBUG=1",
					"$(inherited)",
				);
				IPHONEOS_DEPLOYMENT_TARGET = 17.0;
				MTL_ENABLE_DEBUG_INFO = INCLUDE_SOURCE;
				MTL_FAST_MATH = YES;
				ONLY_ACTIVE_ARCH = YES;
				SDKROOT = iphoneos;
				SWIFT_ACTIVE_COMPILATION_CONDITIONS = "DEBUG $(inherited)";
				SWIFT_OPTIMIZATION_LEVEL = "-Onone";
			};
			name = Debug;
		};
		1A2B3C4D5E6F00112233000D /* Release */ = {
			isa = XCBuildConfiguration;
			buildSettings = {
				ALWAYS_SEARCH_USER_PATHS = NO;
				ASSETCATALOG_COMPILER_GENERATE_SWIFT_ASSET_SYMBOL_EXTENSIONS = YES;
				CLANG_ANALYZER_NONNULL = YES;
				CLANG_ENABLE_MODULES = YES;
				CLANG_ENABLE_OBJC_ARC = YES;
				COPY_PHASE_STRIP = NO;
				DEBUG_INFORMATION_FORMAT = "dwarf-with-dsym";
				ENABLE_NS_ASSERTIONS = NO;
				ENABLE_STRICT_OBJC_MSGSEND = YES;
				ENABLE_USER_SCRIPT_SANDBOXING = YES;
				GCC_C_LANGUAGE_STANDARD = gnu17;
				GCC_NO_COMMON_BLOCKS = YES;
				IPHONEOS_DEPLOYMENT_TARGET = 17.0;
				MTL_ENABLE_DEBUG_INFO = NO;
				MTL_FAST_MATH = YES;
				SDKROOT = iphoneos;
				SWIFT_COMPILATION_MODE = wholemodule;
				VALIDATE_PRODUCT = YES;
			};
			name = Release;
		};
		1A2B3C4D5E6F00112233000E /* Debug */ = {
			isa = XCBuildConfiguration;
			buildSettings = {
				ASSETCATALOG_COMPILER_APPICON_NAME = AppIcon;
				ASSETCATALOG_COMPILER_GLOBAL_ACCENT_COLOR_NAME = AccentColor;
				CODE_SIGN_ENTITLEMENTS = PicDeck.entitlements;
				CODE_SIGN_STYLE = Automatic;
				CURRENT_PROJECT_VERSION = 1;
				DEVELOPMENT_ASSET_PATHS = "";
				DEVELOPMENT_TEAM = G5549NZ8QF;
				ENABLE_PREVIEWS = YES;
				GENERATE_INFOPLIST_FILE = YES;
				INFOPLIST_FILE = "PicDeck-Info.plist";
				INFOPLIST_KEY_CFBundleDisplayName = PicDeck;
				INFOPLIST_KEY_NSPhotoLibraryUsageDescription = "PicDeck needs access to your photo library so you can review, organize and delete photos.";
				INFOPLIST_KEY_UIApplicationSceneManifest_Generation = YES;
				INFOPLIST_KEY_UILaunchScreen_Generation = YES;
				INFOPLIST_KEY_UISupportedInterfaceOrientations = UIInterfaceOrientationPortrait;
				LD_RUNPATH_SEARCH_PATHS = (
					"$(inherited)",
					"@executable_path/Frameworks",
				);
				MARKETING_VERSION = 0.1.0;
				PRODUCT_BUNDLE_IDENTIFIER = com.picdeck.app;
				PRODUCT_NAME = "$(TARGET_NAME)";
				SWIFT_EMIT_LOC_STRINGS = YES;
				SWIFT_VERSION = 5.0;
				TARGETED_DEVICE_FAMILY = 1;
			};
			name = Debug;
		};
		1A2B3C4D5E6F00112233000F /* Release */ = {
			isa = XCBuildConfiguration;
			buildSettings = {
				ASSETCATALOG_COMPILER_APPICON_NAME = AppIcon;
				ASSETCATALOG_COMPILER_GLOBAL_ACCENT_COLOR_NAME = AccentColor;
				CODE_SIGN_ENTITLEMENTS = PicDeck.entitlements;
				CODE_SIGN_STYLE = Automatic;
				CURRENT_PROJECT_VERSION = 1;
				DEVELOPMENT_ASSET_PATHS = "";
				DEVELOPMENT_TEAM = G5549NZ8QF;
				ENABLE_PREVIEWS = YES;
				GENERATE_INFOPLIST_FILE = YES;
				INFOPLIST_FILE = "PicDeck-Info.plist";
				INFOPLIST_KEY_CFBundleDisplayName = PicDeck;
				INFOPLIST_KEY_NSPhotoLibraryUsageDescription = "PicDeck needs access to your photo library so you can review, organize and delete photos.";
				INFOPLIST_KEY_UIApplicationSceneManifest_Generation = YES;
				INFOPLIST_KEY_UILaunchScreen_Generation = YES;
				INFOPLIST_KEY_UISupportedInterfaceOrientations = UIInterfaceOrientationPortrait;
				LD_RUNPATH_SEARCH_PATHS = (
					"$(inherited)",
					"@executable_path/Frameworks",
				);
				MARKETING_VERSION = 0.1.0;
				PRODUCT_BUNDLE_IDENTIFIER = com.picdeck.app;
				PRODUCT_NAME = "$(TARGET_NAME)";
				SWIFT_EMIT_LOC_STRINGS = YES;
				SWIFT_VERSION = 5.0;
				TARGETED_DEVICE_FAMILY = 1;
			};
			name = Release;
		};
		1A2B3C4D5E6F001122330017 /* Debug */ = {
			isa = XCBuildConfiguration;
			buildSettings = {
				CODE_SIGN_STYLE = Automatic;
				CURRENT_PROJECT_VERSION = 1;
				DEVELOPMENT_TEAM = G5549NZ8QF;
				GENERATE_INFOPLIST_FILE = YES;
				MARKETING_VERSION = 0.1.0;
				PRODUCT_BUNDLE_IDENTIFIER = com.picdeck.app.uitests;
				PRODUCT_NAME = "$(TARGET_NAME)";
				SWIFT_VERSION = 5.0;
				TARGETED_DEVICE_FAMILY = 1;
				TEST_TARGET_NAME = PicDeck;
			};
			name = Debug;
		};
		1A2B3C4D5E6F001122330018 /* Release */ = {
			isa = XCBuildConfiguration;
			buildSettings = {
				CODE_SIGN_STYLE = Automatic;
				CURRENT_PROJECT_VERSION = 1;
				DEVELOPMENT_TEAM = G5549NZ8QF;
				GENERATE_INFOPLIST_FILE = YES;
				MARKETING_VERSION = 0.1.0;
				PRODUCT_BUNDLE_IDENTIFIER = com.picdeck.app.uitests;
				PRODUCT_NAME = "$(TARGET_NAME)";
				SWIFT_VERSION = 5.0;
				TARGETED_DEVICE_FAMILY = 1;
				TEST_TARGET_NAME = PicDeck;
			};
			name = Release;
		};
		1A2B3C4D5E6F001122330039 /* Debug */ = {
			isa = XCBuildConfiguration;
			buildSettings = {
				ASSETCATALOG_COMPILER_GLOBAL_ACCENT_COLOR_NAME = AccentColor;
				CODE_SIGN_ENTITLEMENTS = PicDeckWidget.entitlements;
				CODE_SIGN_STYLE = Automatic;
				CURRENT_PROJECT_VERSION = 1;
				DEVELOPMENT_TEAM = G5549NZ8QF;
				GENERATE_INFOPLIST_FILE = YES;
				INFOPLIST_FILE = "PicDeckWidget-Info.plist";
				INFOPLIST_KEY_CFBundleDisplayName = PicDeck;
				LD_RUNPATH_SEARCH_PATHS = (
					"$(inherited)",
					"@executable_path/Frameworks",
					"@executable_path/../../Frameworks",
				);
				MARKETING_VERSION = 0.1.0;
				PRODUCT_BUNDLE_IDENTIFIER = com.picdeck.app.widget;
				PRODUCT_NAME = "$(TARGET_NAME)";
				SKIP_INSTALL = YES;
				SWIFT_EMIT_LOC_STRINGS = YES;
				SWIFT_VERSION = 5.0;
				TARGETED_DEVICE_FAMILY = 1;
			};
			name = Debug;
		};
		1A2B3C4D5E6F00112233003A /* Release */ = {
			isa = XCBuildConfiguration;
			buildSettings = {
				ASSETCATALOG_COMPILER_GLOBAL_ACCENT_COLOR_NAME = AccentColor;
				CODE_SIGN_ENTITLEMENTS = PicDeckWidget.entitlements;
				CODE_SIGN_STYLE = Automatic;
				CURRENT_PROJECT_VERSION = 1;
				DEVELOPMENT_TEAM = G5549NZ8QF;
				GENERATE_INFOPLIST_FILE = YES;
				INFOPLIST_FILE = "PicDeckWidget-Info.plist";
				INFOPLIST_KEY_CFBundleDisplayName = PicDeck;
				LD_RUNPATH_SEARCH_PATHS = (
					"$(inherited)",
					"@executable_path/Frameworks",
					"@executable_path/../../Frameworks",
				);
				MARKETING_VERSION = 0.1.0;
				PRODUCT_BUNDLE_IDENTIFIER = com.picdeck.app.widget;
				PRODUCT_NAME = "$(TARGET_NAME)";
				SKIP_INSTALL = YES;
				SWIFT_EMIT_LOC_STRINGS = YES;
				SWIFT_VERSION = 5.0;
				TARGETED_DEVICE_FAMILY = 1;
			};
			name = Release;
		};
/* End XCBuildConfiguration section */

/* Begin XCConfigurationList section */
		1A2B3C4D5E6F001122330007 /* Build configuration list for PBXNativeTarget "PicDeck" */ = {
			isa = XCConfigurationList;
			buildConfigurations = (
				1A2B3C4D5E6F00112233000E /* Debug */,
				1A2B3C4D5E6F00112233000F /* Release */,
			);
			defaultConfigurationIsVisible = 0;
			defaultConfigurationName = Release;
		};
		1A2B3C4D5E6F00112233000B /* Build configuration list for PBXProject "PicDeck" */ = {
			isa = XCConfigurationList;
			buildConfigurations = (
				1A2B3C4D5E6F00112233000C /* Debug */,
				1A2B3C4D5E6F00112233000D /* Release */,
			);
			defaultConfigurationIsVisible = 0;
			defaultConfigurationName = Release;
		};
		1A2B3C4D5E6F001122330013 /* Build configuration list for PBXNativeTarget "PicDeckUITests" */ = {
			isa = XCConfigurationList;
			buildConfigurations = (
				1A2B3C4D5E6F001122330017 /* Debug */,
				1A2B3C4D5E6F001122330018 /* Release */,
			);
			defaultConfigurationIsVisible = 0;
			defaultConfigurationName = Release;
		};
		1A2B3C4D5E6F001122330038 /* Build configuration list for PBXNativeTarget "PicDeckWidget" */ = {
			isa = XCConfigurationList;
			buildConfigurations = (
				1A2B3C4D5E6F001122330039 /* Debug */,
				1A2B3C4D5E6F00112233003A /* Release */,
			);
			defaultConfigurationIsVisible = 0;
			defaultConfigurationName = Release;
		};
/* End XCConfigurationList section */
	};
	rootObject = 1A2B3C4D5E6F00112233000A /* Project object */;
}
